
Microsoft Visual Studio Solution File, Format Version 12.00
# Visual Studio Version 17
VisualStudioVersion = 17.7.34031.279
MinimumVisualStudioVersion = 10.0.40219.1
Project("{FAE04EC0-301F-11D3-BF4B-00C04F79EFBC}") = "ApiKeyAuthenticator", "ApiKeyAuthenticator\ApiKeyAuthenticator.csproj", "{F86EA869-C2E7-4E66-A464-2A9D29231EBC}"
EndProject
Global
	GlobalSection(SolutionConfigurationPlatforms) = preSolution
		Debug|Any CPU = Debug|Any CPU
		Release|Any CPU = Release|Any CPU
	EndGlobalSection
	GlobalSection(ProjectConfigurationPlatforms) = postSolution
		{F86EA869-C2E7-4E66-A464-2A9D29231EBC}.Debug|Any CPU.ActiveCfg = Debug|Any CPU
		{F86EA869-C2E7-4E66-A464-2A9D29231EBC}.Debug|Any CPU.Build.0 = Debug|Any CPU
		{F86EA869-C2E7-4E66-A464-2A9D29231EBC}.Release|Any CPU.ActiveCfg = Release|Any CPU
		{F86EA869-C2E7-4E66-A464-2A9D29231EBC}.Release|Any CPU.Build.0 = Release|Any CPU
	EndGlobalSection
	GlobalSection(SolutionProperties) = preSolution
		HideSolutionNode = FALSE
	EndGlobalSection
	GlobalSection(ExtensibilityGlobals) = postSolution
		SolutionGuid = {607F2E01-B601-44B5-B819-7D0AA4E0558C}
	EndGlobalSection
EndGlobal
